
Microsoft Visual Studio Solution File, Format Version 12.00
# Visual Studio Version 17
VisualStudioVersion = 17.9.34902.65
MinimumVisualStudioVersion = 10.0.40219.1
Project("{FAE04EC0-301F-11D3-BF4B-00C04F79EFBC}") = "PerIpsumOriginal", "PerIpsumOriginal\PerIpsumOriginal.csproj", "{4A46CBCE-99A7-4259-A16C-6F47F6024925}"
EndProject
Global
	GlobalSection(SolutionConfigurationPlatforms) = preSolution
		Debug|Any CPU = Debug|Any CPU
		Release|Any CPU = Release|Any CPU
	EndGlobalSection
	GlobalSection(ProjectConfigurationPlatforms) = postSolution
		{4A46CBCE-99A7-4259-A16C-6F47F6024925}.Debug|Any CPU.ActiveCfg = Debug|Any CPU
		{4A46CBCE-99A7-4259-A16C-6F47F6024925}.Debug|Any CPU.Build.0 = Debug|Any CPU
		{4A46CBCE-99A7-4259-A16C-6F47F6024925}.Release|Any CPU.ActiveCfg = Release|Any CPU
		{4A46CBCE-99A7-4259-A16C-6F47F6024925}.Release|Any CPU.Build.0 = Release|Any CPU
	EndGlobalSection
	GlobalSection(SolutionProperties) = preSolution
		HideSolutionNode = FALSE
	EndGlobalSection
	GlobalSection(ExtensibilityGlobals) = postSolution
		SolutionGuid = {5E2ED147-F5EA-497B-B603-95461F9C3F2B}
	EndGlobalSection
EndGlobal
